
Microsoft Visual Studio Solution File, Format Version 12.00
# Visual Studio 14
VisualStudioVersion = 14.0.25420.1
MinimumVisualStudioVersion = 10.0.40219.1
Project("{8BC9CEB8-8B4A-11D0-8D11-00A0C91BC942}") = "LOLDLL", "LOLDLL\LOLDLL.vcxproj", "{3CE85C3C-3B68-4D79-974D-B1899D9F35EA}"
EndProject
Project("{8BC9CEB8-8B4A-11D0-8D11-00A0C91BC942}") = "test", "test\test.vcxproj", "{732726A9-04A2-4D5A-9D89-5E0CC7086312}"
EndProject
Global
	GlobalSection(SolutionConfigurationPlatforms) = preSolution
		Debug|Win32 = Debug|Win32
		Debug|x64 = Debug|x64
		Release|Win32 = Release|Win32
		Release|x64 = Release|x64
	EndGlobalSection
	GlobalSection(ProjectConfigurationPlatforms) = postSolution
		{3CE85C3C-3B68-4D79-974D-B1899D9F35EA}.Debug|Win32.ActiveCfg = Debug|Win32
		{3CE85C3C-3B68-4D79-974D-B1899D9F35EA}.Debug|Win32.Build.0 = Debug|Win32
		{3CE85C3C-3B68-4D79-974D-B1899D9F35EA}.Debug|x64.ActiveCfg = Debug|Win32
		{3CE85C3C-3B68-4D79-974D-B1899D9F35EA}.Release|Win32.ActiveCfg = Release|Win32
		{3CE85C3C-3B68-4D79-974D-B1899D9F35EA}.Release|Win32.Build.0 = Release|Win32
		{3CE85C3C-3B68-4D79-974D-B1899D9F35EA}.Release|x64.ActiveCfg = Release|Win32
		{732726A9-04A2-4D5A-9D89-5E0CC7086312}.Debug|Win32.ActiveCfg = Debug|Win32
		{732726A9-04A2-4D5A-9D89-5E0CC7086312}.Debug|Win32.Build.0 = Debug|Win32
		{732726A9-04A2-4D5A-9D89-5E0CC7086312}.Debug|x64.ActiveCfg = Debug|x64
		{732726A9-04A2-4D5A-9D89-5E0CC7086312}.Debug|x64.Build.0 = Debug|x64
		{732726A9-04A2-4D5A-9D89-5E0CC7086312}.Release|Win32.ActiveCfg = Release|Win32
		{732726A9-04A2-4D5A-9D89-5E0CC7086312}.Release|Win32.Build.0 = Release|Win32
		{732726A9-04A2-4D5A-9D89-5E0CC7086312}.Release|x64.ActiveCfg = Release|x64
		{732726A9-04A2-4D5A-9D89-5E0CC7086312}.Release|x64.Build.0 = Release|x64
	EndGlobalSection
	GlobalSection(SolutionProperties) = preSolution
		HideSolutionNode = FALSE
	EndGlobalSection
EndGlobal
